
Microsoft Visual Studio Solution File, Format Version 12.00
# Visual Studio Version 17
VisualStudioVersion = 17.7.34003.232
MinimumVisualStudioVersion = 10.0.40219.1
Project("{FAE04EC0-301F-11D3-BF4B-00C04F79EFBC}") = "ProductManagement", "ProductManagement\ProductManagement.csproj", "{473B62B3-DA11-4449-A282-E8E84F596521}"
EndProject
Global
	GlobalSection(SolutionConfigurationPlatforms) = preSolution
		Debug|Any CPU = Debug|Any CPU
		Release|Any CPU = Release|Any CPU
	EndGlobalSection
	GlobalSection(ProjectConfigurationPlatforms) = postSolution
		{473B62B3-DA11-4449-A282-E8E84F596521}.Debug|Any CPU.ActiveCfg = Debug|Any CPU
		{473B62B3-DA11-4449-A282-E8E84F596521}.Debug|Any CPU.Build.0 = Debug|Any CPU
		{473B62B3-DA11-4449-A282-E8E84F596521}.Release|Any CPU.ActiveCfg = Release|Any CPU
		{473B62B3-DA11-4449-A282-E8E84F596521}.Release|Any CPU.Build.0 = Release|Any CPU
	EndGlobalSection
	GlobalSection(SolutionProperties) = preSolution
		HideSolutionNode = FALSE
	EndGlobalSection
	GlobalSection(ExtensibilityGlobals) = postSolution
		SolutionGuid = {F2A97ACC-49C8-4E60-8939-C394D0F58637}
	EndGlobalSection
EndGlobal
